
Microsoft Visual Studio Solution File, Format Version 12.00
# Visual Studio 15
VisualStudioVersion = 15.0.28307.489
MinimumVisualStudioVersion = 10.0.40219.1
Project("{8BC9CEB8-8B4A-11D0-8D11-00A0C91BC942}") = "S01E01", "S01E01\S01E01.vcxproj", "{33E42FCD-7065-4C7D-BD14-2DB1244205AA}"
EndProject
Project("{8BC9CEB8-8B4A-11D0-8D11-00A0C91BC942}") = "S01E02", "S01E02\S01E02.vcxproj", "{E8443F51-17B8-4E60-9DD7-F7B842F5903C}"
EndProject
Project("{8BC9CEB8-8B4A-11D0-8D11-00A0C91BC942}") = "S01E03", "S01E03\S01E03.vcxproj", "{EECC6468-CACF-48B1-B0CE-002023F24AB8}"
EndProject
Project("{8BC9CEB8-8B4A-11D0-8D11-00A0C91BC942}") = "S02E02", "S02E02\S02E02.vcxproj", "{9F51F435-A96F-412D-974C-238A7EFABD9E}"
EndProject
Project("{8BC9CEB8-8B4A-11D0-8D11-00A0C91BC942}") = "S02E03", "S02E03\S02E03.vcxproj", "{5C6F5191-C72C-49D0-8980-C148385DC0D9}"
EndProject
Global
	GlobalSection(SolutionConfigurationPlatforms) = preSolution
		Debug|x64 = Debug|x64
		Debug|x86 = Debug|x86
		Release|x64 = Release|x64
		Release|x86 = Release|x86
	EndGlobalSection
	GlobalSection(ProjectConfigurationPlatforms) = postSolution
		{33E42FCD-7065-4C7D-BD14-2DB1244205AA}.Debug|x64.ActiveCfg = Debug|x64
		{33E42FCD-7065-4C7D-BD14-2DB1244205AA}.Debug|x64.Build.0 = Debug|x64
		{33E42FCD-7065-4C7D-BD14-2DB1244205AA}.Debug|x86.ActiveCfg = Debug|Win32
		{33E42FCD-7065-4C7D-BD14-2DB1244205AA}.Debug|x86.Build.0 = Debug|Win32
		{33E42FCD-7065-4C7D-BD14-2DB1244205AA}.Release|x64.ActiveCfg = Release|x64
		{33E42FCD-7065-4C7D-BD14-2DB1244205AA}.Release|x64.Build.0 = Release|x64
		{33E42FCD-7065-4C7D-BD14-2DB1244205AA}.Release|x86.ActiveCfg = Release|Win32
		{33E42FCD-7065-4C7D-BD14-2DB1244205AA}.Release|x86.Build.0 = Release|Win32
		{E8443F51-17B8-4E60-9DD7-F7B842F5903C}.Debug|x64.ActiveCfg = Debug|x64
		{E8443F51-17B8-4E60-9DD7-F7B842F5903C}.Debug|x64.Build.0 = Debug|x64
		{E8443F51-17B8-4E60-9DD7-F7B842F5903C}.Debug|x86.ActiveCfg = Debug|Win32
		{E8443F51-17B8-4E60-9DD7-F7B842F5903C}.Debug|x86.Build.0 = Debug|Win32
		{E8443F51-17B8-4E60-9DD7-F7B842F5903C}.Release|x64.ActiveCfg = Release|x64
		{E8443F51-17B8-4E60-9DD7-F7B842F5903C}.Release|x64.Build.0 = Release|x64
		{E8443F51-17B8-4E60-9DD7-F7B842F5903C}.Release|x86.ActiveCfg = Release|Win32
		{E8443F51-17B8-4E60-9DD7-F7B842F5903C}.Release|x86.Build.0 = Release|Win32
		{EECC6468-CACF-48B1-B0CE-002023F24AB8}.Debug|x64.ActiveCfg = Debug|x64
		{EECC6468-CACF-48B1-B0CE-002023F24AB8}.Debug|x64.Build.0 = Debug|x64
		{EECC6468-CACF-48B1-B0CE-002023F24AB8}.Debug|x86.ActiveCfg = Debug|Win32
		{EECC6468-CACF-48B1-B0CE-002023F24AB8}.Debug|x86.Build.0 = Debug|Win32
		{EECC6468-CACF-48B1-B0CE-002023F24AB8}.Release|x64.ActiveCfg = Release|x64
		{EECC6468-CACF-48B1-B0CE-002023F24AB8}.Release|x64.Build.0 = Release|x64
		{EECC6468-CACF-48B1-B0CE-002023F24AB8}.Release|x86.ActiveCfg = Release|Win32
		{EECC6468-CACF-48B1-B0CE-002023F24AB8}.Release|x86.Build.0 = Release|Win32
		{9F51F435-A96F-412D-974C-238A7EFABD9E}.Debug|x64.ActiveCfg = Debug|x64
		{9F51F435-A96F-412D-974C-238A7EFABD9E}.Debug|x64.Build.0 = Debug|x64
		{9F51F435-A96F-412D-974C-238A7EFABD9E}.Debug|x86.ActiveCfg = Debug|Win32
		{9F51F435-A96F-412D-974C-238A7EFABD9E}.Debug|x86.Build.0 = Debug|Win32
		{9F51F435-A96F-412D-974C-238A7EFABD9E}.Release|x64.ActiveCfg = Release|x64
		{9F51F435-A96F-412D-974C-238A7EFABD9E}.Release|x64.Build.0 = Release|x64
		{9F51F435-A96F-412D-974C-238A7EFABD9E}.Release|x86.ActiveCfg = Release|Win32
		{9F51F435-A96F-412D-974C-238A7EFABD9E}.Release|x86.Build.0 = Release|Win32
		{5C6F5191-C72C-49D0-8980-C148385DC0D9}.Debug|x64.ActiveCfg = Debug|x64
		{5C6F5191-C72C-49D0-8980-C148385DC0D9}.Debug|x64.Build.0 = Debug|x64
		{5C6F5191-C72C-49D0-8980-C148385DC0D9}.Debug|x86.ActiveCfg = Debug|Win32
		{5C6F5191-C72C-49D0-8980-C148385DC0D9}.Debug|x86.Build.0 = Debug|Win32
		{5C6F5191-C72C-49D0-8980-C148385DC0D9}.Release|x64.ActiveCfg = Release|x64
		{5C6F5191-C72C-49D0-8980-C148385DC0D9}.Release|x64.Build.0 = Release|x64
		{5C6F5191-C72C-49D0-8980-C148385DC0D9}.Release|x86.ActiveCfg = Release|Win32
		{5C6F5191-C72C-49D0-8980-C148385DC0D9}.Release|x86.Build.0 = Release|Win32
	EndGlobalSection
	GlobalSection(SolutionProperties) = preSolution
		HideSolutionNode = FALSE
	EndGlobalSection
	GlobalSection(ExtensibilityGlobals) = postSolution
		SolutionGuid = {B6F21551-0CE5-4C50-88F6-06B2E241F526}
	EndGlobalSection
EndGlobal
